// !$*UTF8*$!
{
	archiveVersion = 1;
	classes = {
	};
	objectVersion = 46;
	objects = {

/* Begin PBXBuildFile section */
		7AB6A1251C201A7900691478 /* AutoCompletion.h in Headers */ = {isa = PBXBuildFile; fileRef = 7AB6A1241C201A7900691478 /* AutoCompletion.h */; settings = {ATTRIBUTES = (Public, ); }; };
		7AB6A12C1C201A7900691478 /* AutoCompletion.framework in Frameworks */ = {isa = PBXBuildFile; fileRef = 7AB6A1211C201A7900691478 /* AutoCompletion.framework */; };
		7AB6A1311C201A7900691478 /* AutoCompletionTests.m in Sources */ = {isa = PBXBuildFile; fileRef = 7AB6A1301C201A7900691478 /* AutoCompletionTests.m */; };
		7AB6A1421C201AE200691478 /* AutoCompletionAnimator.h in Headers */ = {isa = PBXBuildFile; fileRef = 7AB6A13B1C201AE200691478 /* AutoCompletionAnimator.h */; settings = {ATTRIBUTES = (Public, ); }; };
		7AB6A1431C201AE200691478 /* AutoCompletionDataSource.h in Headers */ = {isa = PBXBuildFile; fileRef = 7AB6A13C1C201AE200691478 /* AutoCompletionDataSource.h */; };
		7AB6A1441C201AE200691478 /* AutoCompletionDataSource.m in Sources */ = {isa = PBXBuildFile; fileRef = 7AB6A13D1C201AE200691478 /* AutoCompletionDataSource.m */; };
		7AB6A1451C201AE200691478 /* AutoCompletionTextField.h in Headers */ = {isa = PBXBuildFile; fileRef = 7AB6A13E1C201AE200691478 /* AutoCompletionTextField.h */; settings = {ATTRIBUTES = (Public, ); }; };
		7AB6A1461C201AE200691478 /* AutoCompletionTextField.m in Sources */ = {isa = PBXBuildFile; fileRef = 7AB6A13F1C201AE200691478 /* AutoCompletionTextField.m */; };
		7AB6A1471C201AE200691478 /* AutoCompletionTextFieldDataSource.h in Headers */ = {isa = PBXBuildFile; fileRef = 7AB6A1401C201AE200691478 /* AutoCompletionTextFieldDataSource.h */; settings = {ATTRIBUTES = (Public, ); }; };
		7AB6A1481C201AE200691478 /* AutoCompletionTextFieldDelegate.h in Headers */ = {isa = PBXBuildFile; fileRef = 7AB6A1411C201AE200691478 /* AutoCompletionTextFieldDelegate.h */; settings = {ATTRIBUTES = (Public, ); }; };
/* End PBXBuildFile section */

/* Begin PBXContainerItemProxy section */
		7AB6A12D1C201A7900691478 /* PBXContainerItemProxy */ = {
			isa = PBXContainerItemProxy;
			containerPortal = 7AB6A1181C201A7900691478 /* Project object */;
			proxyType = 1;
			remoteGlobalIDString = 7AB6A1201C201A7900691478;
			remoteInfo = AutoCompletion;
		};
/* End PBXContainerItemProxy section */

/* Begin PBXFileReference section */
		7AB6A1211C201A7900691478 /* AutoCompletion.framework */ = {isa = PBXFileReference; explicitFileType = wrapper.framework; includeInIndex = 0; path = AutoCompletion.framework; sourceTree = BUILT_PRODUCTS_DIR; };
		7AB6A1241C201A7900691478 /* AutoCompletion.h */ = {isa = PBXFileReference; lastKnownFileType = sourcecode.c.h; path = AutoCompletion.h; sourceTree = "<group>"; };
		7AB6A1261C201A7900691478 /* Info.plist */ = {isa = PBXFileReference; lastKnownFileType = text.plist.xml; path = Info.plist; sourceTree = "<group>"; };
		7AB6A12B1C201A7900691478 /* AutoCompletionTests.xctest */ = {isa = PBXFileReference; explicitFileType = wrapper.cfbundle; includeInIndex = 0; path = AutoCompletionTests.xctest; sourceTree = BUILT_PRODUCTS_DIR; };
		7AB6A1301C201A7900691478 /* AutoCompletionTests.m */ = {isa = PBXFileReference; lastKnownFileType = sourcecode.c.objc; path = AutoCompletionTests.m; sourceTree = "<group>"; };
		7AB6A1321C201A7900691478 /* Info.plist */ = {isa = PBXFileReference; lastKnownFileType = text.plist.xml; path = Info.plist; sourceTree = "<group>"; };
		7AB6A13B1C201AE200691478 /* AutoCompletionAnimator.h */ = {isa = PBXFileReference; fileEncoding = 4; lastKnownFileType = sourcecode.c.h; path = AutoCompletionAnimator.h; sourceTree = "<group>"; };
		7AB6A13C1C201AE200691478 /* AutoCompletionDataSource.h */ = {isa = PBXFileReference; fileEncoding = 4; lastKnownFileType = sourcecode.c.h; path = AutoCompletionDataSource.h; sourceTree = "<group>"; };
		7AB6A13D1C201AE200691478 /* AutoCompletionDataSource.m */ = {isa = PBXFileReference; fileEncoding = 4; lastKnownFileType = sourcecode.c.objc; path = AutoCompletionDataSource.m; sourceTree = "<group>"; };
		7AB6A13E1C201AE200691478 /* AutoCompletionTextField.h */ = {isa = PBXFileReference; fileEncoding = 4; lastKnownFileType = sourcecode.c.h; path = AutoCompletionTextField.h; sourceTree = "<group>"; };
		7AB6A13F1C201AE200691478 /* AutoCompletionTextField.m */ = {isa = PBXFileReference; fileEncoding = 4; lastKnownFileType = sourcecode.c.objc; path = AutoCompletionTextField.m; sourceTree = "<group>"; };
		7AB6A1401C201AE200691478 /* AutoCompletionTextFieldDataSource.h */ = {isa = PBXFileReference; fileEncoding = 4; lastKnownFileType = sourcecode.c.h; path = AutoCompletionTextFieldDataSource.h; sourceTree = "<group>"; };
		7AB6A1411C201AE200691478 /* AutoCompletionTextFieldDelegate.h */ = {isa = PBXFileReference; fileEncoding = 4; lastKnownFileType = sourcecode.c.h; path = AutoCompletionTextFieldDelegate.h; sourceTree = "<group>"; };
/* End PBXFileReference section */

/* Begin PBXFrameworksBuildPhase section */
		7AB6A11D1C201A7900691478 /* Frameworks */ = {
			isa = PBXFrameworksBuildPhase;
			buildActionMask = 2147483647;
			files = (
			);
			runOnlyForDeploymentPostprocessing = 0;
		};
		7AB6A1281C201A7900691478 /* Frameworks */ = {
			isa = PBXFrameworksBuildPhase;
			buildActionMask = 2147483647;
			files = (
				7AB6A12C1C201A7900691478 /* AutoCompletion.framework in Frameworks */,
			);
			runOnlyForDeploymentPostprocessing = 0;
		};
/* End PBXFrameworksBuildPhase section */

/* Begin PBXGroup section */
		7AB6A1171C201A7900691478 = {
			isa = PBXGroup;
			children = (
				7AB6A1231C201A7900691478 /* AutoCompletion */,
				7AB6A12F1C201A7900691478 /* AutoCompletionTests */,
				7AB6A1221C201A7900691478 /* Products */,
			);
			sourceTree = "<group>";
		};
		7AB6A1221C201A7900691478 /* Products */ = {
			isa = PBXGroup;
			children = (
				7AB6A1211C201A7900691478 /* AutoCompletion.framework */,
				7AB6A12B1C201A7900691478 /* AutoCompletionTests.xctest */,
			);
			name = Products;
			sourceTree = "<group>";
		};
		7AB6A1231C201A7900691478 /* AutoCompletion */ = {
			isa = PBXGroup;
			children = (
				7AB6A13B1C201AE200691478 /* AutoCompletionAnimator.h */,
				7AB6A13C1C201AE200691478 /* AutoCompletionDataSource.h */,
				7AB6A13D1C201AE200691478 /* AutoCompletionDataSource.m */,
				7AB6A13E1C201AE200691478 /* AutoCompletionTextField.h */,
				7AB6A13F1C201AE200691478 /* AutoCompletionTextField.m */,
				7AB6A1401C201AE200691478 /* AutoCompletionTextFieldDataSource.h */,
				7AB6A1411C201AE200691478 /* AutoCompletionTextFieldDelegate.h */,
				7AB6A1241C201A7900691478 /* AutoCompletion.h */,
				7AB6A1261C201A7900691478 /* Info.plist */,
			);
			path = AutoCompletion;
			sourceTree = "<group>";
		};
		7AB6A12F1C201A7900691478 /* AutoCompletionTests */ = {
			isa = PBXGroup;
			children = (
				7AB6A1301C201A7900691478 /* AutoCompletionTests.m */,
				7AB6A1321C201A7900691478 /* Info.plist */,
			);
			path = AutoCompletionTests;
			sourceTree = "<group>";
		};
/* End PBXGroup section */

/* Begin PBXHeadersBuildPhase section */
		7AB6A11E1C201A7900691478 /* Headers */ = {
			isa = PBXHeadersBuildPhase;
			buildActionMask = 2147483647;
			files = (
				7AB6A1251C201A7900691478 /* AutoCompletion.h in Headers */,
				7AB6A1451C201AE200691478 /* AutoCompletionTextField.h in Headers */,
				7AB6A1471C201AE200691478 /* AutoCompletionTextFieldDataSource.h in Headers */,
				7AB6A1421C201AE200691478 /* AutoCompletionAnimator.h in Headers */,
				7AB6A1481C201AE200691478 /* AutoCompletionTextFieldDelegate.h in Headers */,
				7AB6A1431C201AE200691478 /* AutoCompletionDataSource.h in Headers */,
			);
			runOnlyForDeploymentPostprocessing = 0;
		};
/* End PBXHeadersBuildPhase section */

/* Begin PBXNativeTarget section */
		7AB6A1201C201A7900691478 /* AutoCompletion */ = {
			isa = PBXNativeTarget;
			buildConfigurationList = 7AB6A1351C201A7900691478 /* Build configuration list for PBXNativeTarget "AutoCompletion" */;
			buildPhases = (
				7AB6A11C1C201A7900691478 /* Sources */,
				7AB6A11D1C201A7900691478 /* Frameworks */,
				7AB6A11E1C201A7900691478 /* Headers */,
				7AB6A11F1C201A7900691478 /* Resources */,
				7AB1146A1C22DA6500493D8E /* ShellScript */,
			);
			buildRules = (
			);
			dependencies = (
			);
			name = AutoCompletion;
			productName = AutoCompletion;
			productReference = 7AB6A1211C201A7900691478 /* AutoCompletion.framework */;
			productType = "com.apple.product-type.framework";
		};
		7AB6A12A1C201A7900691478 /* AutoCompletionTests */ = {
			isa = PBXNativeTarget;
			buildConfigurationList = 7AB6A1381C201A7900691478 /* Build configuration list for PBXNativeTarget "AutoCompletionTests" */;
			buildPhases = (
				7AB6A1271C201A7900691478 /* Sources */,
				7AB6A1281C201A7900691478 /* Frameworks */,
				7AB6A1291C201A7900691478 /* Resources */,
			);
			buildRules = (
			);
			dependencies = (
				7AB6A12E1C201A7900691478 /* PBXTargetDependency */,
			);
			name = AutoCompletionTests;
			productName = AutoCompletionTests;
			productReference = 7AB6A12B1C201A7900691478 /* AutoCompletionTests.xctest */;
			productType = "com.apple.product-type.bundle.unit-test";
		};
/* End PBXNativeTarget section */

/* Begin PBXProject section */
		7AB6A1181C201A7900691478 /* Project object */ = {
			isa = PBXProject;
			attributes = {
				LastUpgradeCheck = 0720;
				ORGANIZATIONNAME = "3Pillar Global";
				TargetAttributes = {
					7AB6A1201C201A7900691478 = {
						CreatedOnToolsVersion = 7.2;
						DevelopmentTeam = RTBRG5VYD9;
					};
					7AB6A12A1C201A7900691478 = {
						CreatedOnToolsVersion = 7.2;
					};
				};
			};
			buildConfigurationList = 7AB6A11B1C201A7900691478 /* Build configuration list for PBXProject "AutoCompletion" */;
			compatibilityVersion = "Xcode 3.2";
			developmentRegion = English;
			hasScannedForEncodings = 0;
			knownRegions = (
				en,
			);
			mainGroup = 7AB6A1171C201A7900691478;
			productRefGroup = 7AB6A1221C201A7900691478 /* Products */;
			projectDirPath = "";
			projectRoot = "";
			targets = (
				7AB6A1201C201A7900691478 /* AutoCompletion */,
				7AB6A12A1C201A7900691478 /* AutoCompletionTests */,
			);
		};
/* End PBXProject section */

/* Begin PBXResourcesBuildPhase section */
		7AB6A11F1C201A7900691478 /* Resources */ = {
			isa = PBXResourcesBuildPhase;
			buildActionMask = 2147483647;
			files = (
			);
			runOnlyForDeploymentPostprocessing = 0;
		};
		7AB6A1291C201A7900691478 /* Resources */ = {
			isa = PBXResourcesBuildPhase;
			buildActionMask = 2147483647;
			files = (
			);
			runOnlyForDeploymentPostprocessing = 0;
		};
/* End PBXResourcesBuildPhase section */

/* Begin PBXShellScriptBuildPhase section */
		7AB1146A1C22DA6500493D8E /* ShellScript */ = {
			isa = PBXShellScriptBuildPhase;
			buildActionMask = 2147483647;
			files = (
			);
			inputPaths = (
			);
			outputPaths = (
			);
			runOnlyForDeploymentPostprocessing = 0;
			shellPath = /bin/sh;
			shellScript = "set -e\nset +u\n# Avoid recursively calling this script.\nif [[ $SF_MASTER_SCRIPT_RUNNING ]]\nthen\nexit 0\nfi\nset -u\nexport SF_MASTER_SCRIPT_RUNNING=1\n\n\n# Constants\nSF_TARGET_NAME=${PROJECT_NAME}\nUNIVERSAL_OUTPUTFOLDER=${BUILD_DIR}/${CONFIGURATION}-universal\n\n# Take build target\nif [[ \"$SDK_NAME\" =~ ([A-Za-z]+) ]]\nthen\nSF_SDK_PLATFORM=${BASH_REMATCH[1]}\nelse\necho \"Could not find platform name from SDK_NAME: $SDK_NAME\"\nexit 1\nfi\n\nif [[ \"$SF_SDK_PLATFORM\" = \"iphoneos\" ]]\nthen\necho \"Please choose iPhone simulator as the build target.\"\nexit 1\nfi\n\nIPHONE_DEVICE_BUILD_DIR=${BUILD_DIR}/${CONFIGURATION}-iphoneos\n\n# Build the other (non-simulator) platform\nxcodebuild -project \"${PROJECT_FILE_PATH}\" -target \"${TARGET_NAME}\" -configuration \"${CONFIGURATION}\" -sdk iphoneos BUILD_DIR=\"${BUILD_DIR}\" OBJROOT=\"${OBJROOT}\" BUILD_ROOT=\"${BUILD_ROOT}\" CONFIGURATION_BUILD_DIR=\"${IPHONE_DEVICE_BUILD_DIR}/arm64\" SYMROOT=\"${SYMROOT}\" ARCHS='arm64' VALID_ARCHS='arm64' $ACTION\n\nxcodebuild -project \"${PROJECT_FILE_PATH}\" -target \"${TARGET_NAME}\" -configuration \"${CONFIGURATION}\" -sdk iphoneos BUILD_DIR=\"${BUILD_DIR}\" OBJROOT=\"${OBJROOT}\" BUILD_ROOT=\"${BUILD_ROOT}\"  CONFIGURATION_BUILD_DIR=\"${IPHONE_DEVICE_BUILD_DIR}/armv7\" SYMROOT=\"${SYMROOT}\" ARCHS='armv7 armv7s' VALID_ARCHS='armv7 armv7s' $ACTION\n\n# Copy the framework structure to the universal folder (clean it first)\nrm -rf \"${UNIVERSAL_OUTPUTFOLDER}\"\nmkdir -p \"${UNIVERSAL_OUTPUTFOLDER}\"\ncp -R \"${BUILD_DIR}/${CONFIGURATION}-iphonesimulator/${PROJECT_NAME}.framework\" \"${UNIVERSAL_OUTPUTFOLDER}/${PROJECT_NAME}.framework\"\n\n# Smash them together to combine all architectures\nlipo -create  \"${BUILD_DIR}/${CONFIGURATION}-iphonesimulator/${PROJECT_NAME}.framework/${PROJECT_NAME}\" \"${BUILD_DIR}/${CONFIGURATION}-iphoneos/arm64/${PROJECT_NAME}.framework/${PROJECT_NAME}\" \"${BUILD_DIR}/${CONFIGURATION}-iphoneos/armv7/${PROJECT_NAME}.framework/${PROJECT_NAME}\" -output \"${UNIVERSAL_OUTPUTFOLDER}/${PROJECT_NAME}.framework/${PROJECT_NAME}\"";
		};
/* End PBXShellScriptBuildPhase section */

/* Begin PBXSourcesBuildPhase section */
		7AB6A11C1C201A7900691478 /* Sources */ = {
			isa = PBXSourcesBuildPhase;
			buildActionMask = 2147483647;
			files = (
				7AB6A1461C201AE200691478 /* AutoCompletionTextField.m in Sources */,
				7AB6A1441C201AE200691478 /* AutoCompletionDataSource.m in Sources */,
			);
			runOnlyForDeploymentPostprocessing = 0;
		};
		7AB6A1271C201A7900691478 /* Sources */ = {
			isa = PBXSourcesBuildPhase;
			buildActionMask = 2147483647;
			files = (
				7AB6A1311C201A7900691478 /* AutoCompletionTests.m in Sources */,
			);
			runOnlyForDeploymentPostprocessing = 0;
		};
/* End PBXSourcesBuildPhase section */

/* Begin PBXTargetDependency section */
		7AB6A12E1C201A7900691478 /* PBXTargetDependency */ = {
			isa = PBXTargetDependency;
			target = 7AB6A1201C201A7900691478 /* AutoCompletion */;
			targetProxy = 7AB6A12D1C201A7900691478 /* PBXContainerItemProxy */;
		};
/* End PBXTargetDependency section */

/* Begin XCBuildConfiguration section */
		7AB6A1331C201A7900691478 /* Debug */ = {
			isa = XCBuildConfiguration;
			buildSettings = {
				ALWAYS_SEARCH_USER_PATHS = NO;
				CLANG_CXX_LANGUAGE_STANDARD = "gnu++0x";
				CLANG_CXX_LIBRARY = "libc++";
				CLANG_ENABLE_MODULES = YES;
				CLANG_ENABLE_OBJC_ARC = YES;
				CLANG_WARN_BOOL_CONVERSION = YES;
				CLANG_WARN_CONSTANT_CONVERSION = YES;
				CLANG_WARN_DIRECT_OBJC_ISA_USAGE = YES_ERROR;
				CLANG_WARN_EMPTY_BODY = YES;
				CLANG_WARN_ENUM_CONVERSION = YES;
				CLANG_WARN_INT_CONVERSION = YES;
				CLANG_WARN_OBJC_ROOT_CLASS = YES_ERROR;
				CLANG_WARN_UNREACHABLE_CODE = YES;
				CLANG_WARN__DUPLICATE_METHOD_MATCH = YES;
				"CODE_SIGN_IDENTITY[sdk=iphoneos*]" = "iPhone Developer";
				COPY_PHASE_STRIP = NO;
				CURRENT_PROJECT_VERSION = 1;
				DEBUG_INFORMATION_FORMAT = dwarf;
				ENABLE_STRICT_OBJC_MSGSEND = YES;
				ENABLE_TESTABILITY = YES;
				GCC_C_LANGUAGE_STANDARD = gnu99;
				GCC_DYNAMIC_NO_PIC = NO;
				GCC_NO_COMMON_BLOCKS = YES;
				GCC_OPTIMIZATION_LEVEL = 0;
				GCC_PREPROCESSOR_DEFINITIONS = (
					"DEBUG=1",
					"$(inherited)",
				);
				GCC_WARN_64_TO_32_BIT_CONVERSION = YES;
				GCC_WARN_ABOUT_RETURN_TYPE = YES_ERROR;
				GCC_WARN_UNDECLARED_SELECTOR = YES;
				GCC_WARN_UNINITIALIZED_AUTOS = YES_AGGRESSIVE;
				GCC_WARN_UNUSED_FUNCTION = YES;
				GCC_WARN_UNUSED_VARIABLE = YES;
				IPHONEOS_DEPLOYMENT_TARGET = 9.2;
				MTL_ENABLE_DEBUG_INFO = YES;
				ONLY_ACTIVE_ARCH = YES;
				SDKROOT = iphoneos;
				TARGETED_DEVICE_FAMILY = "1,2";
				VERSIONING_SYSTEM = "apple-generic";
				VERSION_INFO_PREFIX = "";
			};
			name = Debug;
		};
		7AB6A1341C201A7900691478 /* Release */ = {
			isa = XCBuildConfiguration;
			buildSettings = {
				ALWAYS_SEARCH_USER_PATHS = NO;
				CLANG_CXX_LANGUAGE_STANDARD = "gnu++0x";
				CLANG_CXX_LIBRARY = "libc++";
				CLANG_ENABLE_MODULES = YES;
				CLANG_ENABLE_OBJC_ARC = YES;
				CLANG_WARN_BOOL_CONVERSION = YES;
				CLANG_WARN_CONSTANT_CONVERSION = YES;
				CLANG_WARN_DIRECT_OBJC_ISA_USAGE = YES_ERROR;
				CLANG_WARN_EMPTY_BODY = YES;
				CLANG_WARN_ENUM_CONVERSION = YES;
				CLANG_WARN_INT_CONVERSION = YES;
				CLANG_WARN_OBJC_ROOT_CLASS = YES_ERROR;
				CLANG_WARN_UNREACHABLE_CODE = YES;
				CLANG_WARN__DUPLICATE_METHOD_MATCH = YES;
				"CODE_SIGN_IDENTITY[sdk=iphoneos*]" = "iPhone Developer";
				COPY_PHASE_STRIP = NO;
				CURRENT_PROJECT_VERSION = 1;
				DEBUG_INFORMATION_FORMAT = "dwarf-with-dsym";
				ENABLE_NS_ASSERTIONS = NO;
				ENABLE_STRICT_OBJC_MSGSEND = YES;
				GCC_C_LANGUAGE_STANDARD = gnu99;
				GCC_NO_COMMON_BLOCKS = YES;
				GCC_WARN_64_TO_32_BIT_CONVERSION = YES;
				GCC_WARN_ABOUT_RETURN_TYPE = YES_ERROR;
				GCC_WARN_UNDECLARED_SELECTOR = YES;
				GCC_WARN_UNINITIALIZED_AUTOS = YES_AGGRESSIVE;
				GCC_WARN_UNUSED_FUNCTION = YES;
				GCC_WARN_UNUSED_VARIABLE = YES;
				IPHONEOS_DEPLOYMENT_TARGET = 9.2;
				MTL_ENABLE_DEBUG_INFO = NO;
				SDKROOT = iphoneos;
				TARGETED_DEVICE_FAMILY = "1,2";
				VALIDATE_PRODUCT = YES;
				VERSIONING_SYSTEM = "apple-generic";
				VERSION_INFO_PREFIX = "";
			};
			name = Release;
		};
		7AB6A1361C201A7900691478 /* Debug */ = {
			isa = XCBuildConfiguration;
			buildSettings = {
				CODE_SIGN_IDENTITY = "iPhone Developer";
				DEFINES_MODULE = YES;
				DYLIB_COMPATIBILITY_VERSION = 1;
				DYLIB_CURRENT_VERSION = 1;
				DYLIB_INSTALL_NAME_BASE = "@rpath";
				INFOPLIST_FILE = AutoCompletion/Info.plist;
				INSTALL_PATH = "$(LOCAL_LIBRARY_DIR)/Frameworks";
				LD_RUNPATH_SEARCH_PATHS = "$(inherited) @executable_path/Frameworks @loader_path/Frameworks";
				PRODUCT_BUNDLE_IDENTIFIER = com.3pg.AutoCompletion;
				PRODUCT_NAME = "$(TARGET_NAME)";
				SKIP_INSTALL = YES;
			};
			name = Debug;
		};
		7AB6A1371C201A7900691478 /* Release */ = {
			isa = XCBuildConfiguration;
			buildSettings = {
				CODE_SIGN_IDENTITY = "iPhone Developer";
				DEFINES_MODULE = YES;
				DYLIB_COMPATIBILITY_VERSION = 1;
				DYLIB_CURRENT_VERSION = 1;
				DYLIB_INSTALL_NAME_BASE = "@rpath";
				INFOPLIST_FILE = AutoCompletion/Info.plist;
				INSTALL_PATH = "$(LOCAL_LIBRARY_DIR)/Frameworks";
				LD_RUNPATH_SEARCH_PATHS = "$(inherited) @executable_path/Frameworks @loader_path/Frameworks";
				PRODUCT_BUNDLE_IDENTIFIER = com.3pg.AutoCompletion;
				PRODUCT_NAME = "$(TARGET_NAME)";
				SKIP_INSTALL = YES;
			};
			name = Release;
		};
		7AB6A1391C201A7900691478 /* Debug */ = {
			isa = XCBuildConfiguration;
			buildSettings = {
				INFOPLIST_FILE = AutoCompletionTests/Info.plist;
				LD_RUNPATH_SEARCH_PATHS = "$(inherited) @executable_path/Frameworks @loader_path/Frameworks";
				PRODUCT_BUNDLE_IDENTIFIER = com.3pg.AutoCompletionTests;
				PRODUCT_NAME = "$(TARGET_NAME)";
			};
			name = Debug;
		};
		7AB6A13A1C201A7900691478 /* Release */ = {
			isa = XCBuildConfiguration;
			buildSettings = {
				INFOPLIST_FILE = AutoCompletionTests/Info.plist;
				LD_RUNPATH_SEARCH_PATHS = "$(inherited) @executable_path/Frameworks @loader_path/Frameworks";
				PRODUCT_BUNDLE_IDENTIFIER = com.3pg.AutoCompletionTests;
				PRODUCT_NAME = "$(TARGET_NAME)";
			};
			name = Release;
		};
/* End XCBuildConfiguration section */

/* Begin XCConfigurationList section */
		7AB6A11B1C201A7900691478 /* Build configuration list for PBXProject "AutoCompletion" */ = {
			isa = XCConfigurationList;
			buildConfigurations = (
				7AB6A1331C201A7900691478 /* Debug */,
				7AB6A1341C201A7900691478 /* Release */,
			);
			defaultConfigurationIsVisible = 0;
			defaultConfigurationName = Release;
		};
		7AB6A1351C201A7900691478 /* Build configuration list for PBXNativeTarget "AutoCompletion" */ = {
			isa = XCConfigurationList;
			buildConfigurations = (
				7AB6A1361C201A7900691478 /* Debug */,
				7AB6A1371C201A7900691478 /* Release */,
			);
			defaultConfigurationIsVisible = 0;
			defaultConfigurationName = Release;
		};
		7AB6A1381C201A7900691478 /* Build configuration list for PBXNativeTarget "AutoCompletionTests" */ = {
			isa = XCConfigurationList;
			buildConfigurations = (
				7AB6A1391C201A7900691478 /* Debug */,
				7AB6A13A1C201A7900691478 /* Release */,
			);
			defaultConfigurationIsVisible = 0;
			defaultConfigurationName = Release;
		};
/* End XCConfigurationList section */
	};
	rootObject = 7AB6A1181C201A7900691478 /* Project object */;
}
