// !$*UTF8*$!
{
	archiveVersion = 1;
	classes = {
	};
	objectVersion = 46;
	objects = {

/* Begin PBXBuildFile section */
		1B497C2A1B4FB3A90079348F /* AutoCompletionUIKitDynamicsAnimation.m in Sources */ = {isa = PBXBuildFile; fileRef = 1B497C291B4FB3A90079348F /* AutoCompletionUIKitDynamicsAnimation.m */; };
		1B5105A31B4BD1BA00E31A9E /* RequestOperation.m in Sources */ = {isa = PBXBuildFile; fileRef = 1B5105A21B4BD1BA00E31A9E /* RequestOperation.m */; };
		1B5105A81B4BD7DD00E31A9E /* AutoCompletion.xcdatamodeld in Sources */ = {isa = PBXBuildFile; fileRef = 1B5105A61B4BD7DD00E31A9E /* AutoCompletion.xcdatamodeld */; };
		1B5105AB1B4BE10600E31A9E /* CoreDataOperation.m in Sources */ = {isa = PBXBuildFile; fileRef = 1B5105AA1B4BE10600E31A9E /* CoreDataOperation.m */; };
		1B5105B01B4BE18300E31A9E /* CoreData.framework in Frameworks */ = {isa = PBXBuildFile; fileRef = 1B5105AF1B4BE18300E31A9E /* CoreData.framework */; };
		1B5F09C11B4D167200271730 /* JSONGenerator.m in Sources */ = {isa = PBXBuildFile; fileRef = 1B5F09C01B4D167200271730 /* JSONGenerator.m */; };
		1B5F09C31B4D195500271730 /* file.json in Resources */ = {isa = PBXBuildFile; fileRef = 1B5F09C21B4D195500271730 /* file.json */; };
		1B5F09CF1B4D3A2500271730 /* CoreDataDataSource.m in Sources */ = {isa = PBXBuildFile; fileRef = 1B5F09CE1B4D3A2500271730 /* CoreDataDataSource.m */; };
		1B5F09D31B4D406200271730 /* JSONItem.m in Sources */ = {isa = PBXBuildFile; fileRef = 1B5F09D21B4D406200271730 /* JSONItem.m */; };
		1B5F09D61B4D47BC00271730 /* JSONManager.m in Sources */ = {isa = PBXBuildFile; fileRef = 1B5F09D51B4D47BC00271730 /* JSONManager.m */; };
		1B5F09D91B4D4B8D00271730 /* JSONDataSource.m in Sources */ = {isa = PBXBuildFile; fileRef = 1B5F09D81B4D4B8D00271730 /* JSONDataSource.m */; };
		1B5F09DC1B4D572B00271730 /* APIDataSource.m in Sources */ = {isa = PBXBuildFile; fileRef = 1B5F09DB1B4D572B00271730 /* APIDataSource.m */; };
		1B5F09DF1B4D5C6B00271730 /* GetJSONOperation.m in Sources */ = {isa = PBXBuildFile; fileRef = 1B5F09DE1B4D5C6B00271730 /* GetJSONOperation.m */; };
		1B68C57C1B4AC2C900D7850D /* main.m in Sources */ = {isa = PBXBuildFile; fileRef = 1B68C57B1B4AC2C900D7850D /* main.m */; };
		1B68C57F1B4AC2C900D7850D /* AppDelegate.m in Sources */ = {isa = PBXBuildFile; fileRef = 1B68C57E1B4AC2C900D7850D /* AppDelegate.m */; };
		1B68C5821B4AC2C900D7850D /* ViewController.m in Sources */ = {isa = PBXBuildFile; fileRef = 1B68C5811B4AC2C900D7850D /* ViewController.m */; };
		1B68C5871B4AC2CA00D7850D /* Images.xcassets in Resources */ = {isa = PBXBuildFile; fileRef = 1B68C5861B4AC2CA00D7850D /* Images.xcassets */; };
		1B68C58A1B4AC2CA00D7850D /* LaunchScreen.xib in Resources */ = {isa = PBXBuildFile; fileRef = 1B68C5881B4AC2CA00D7850D /* LaunchScreen.xib */; };
		1B68C5A81B4AC2F300D7850D /* FetchOperation.m in Sources */ = {isa = PBXBuildFile; fileRef = 1B68C5A51B4AC2F300D7850D /* FetchOperation.m */; };
		1B6CB4BE1B5009E700A03648 /* Main.storyboard in Resources */ = {isa = PBXBuildFile; fileRef = 1B6CB4BD1B5009E700A03648 /* Main.storyboard */; };
		1B8740421B56896D00E170C5 /* AutoCompletionTextFieldTests.m in Sources */ = {isa = PBXBuildFile; fileRef = 1B497C2B1B4FFBEB0079348F /* AutoCompletionTextFieldTests.m */; };
		1BC5BDB61B4BE4150021F95E /* Items.m in Sources */ = {isa = PBXBuildFile; fileRef = 1BC5BDB51B4BE4150021F95E /* Items.m */; };
		1BC5BDBC1B4BFCE50021F95E /* CoreDataManager.m in Sources */ = {isa = PBXBuildFile; fileRef = 1BC5BDBB1B4BFCE50021F95E /* CoreDataManager.m */; };
		1BC5BDBF1B4C05780021F95E /* Operation.m in Sources */ = {isa = PBXBuildFile; fileRef = 1BC5BDBE1B4C05780021F95E /* Operation.m */; };
		4B559F5D1B57AEC3000812F3 /* AutoCompletionGetJSONOperationTests.m in Sources */ = {isa = PBXBuildFile; fileRef = 4B559F5C1B57AEC3000812F3 /* AutoCompletionGetJSONOperationTests.m */; };
		4B559F611B57FAE3000812F3 /* NSString+URLEncoding.m in Sources */ = {isa = PBXBuildFile; fileRef = 4B559F601B57FAE3000812F3 /* NSString+URLEncoding.m */; };
		4B55DFB21B56425B00225FA7 /* AutoCompletionApiTests.m in Sources */ = {isa = PBXBuildFile; fileRef = 4B55DFB11B56425B00225FA7 /* AutoCompletionApiTests.m */; };
		7AB6A1F21C2064DF00691478 /* AutoCompletion.framework in Frameworks */ = {isa = PBXBuildFile; fileRef = 7AB6A1F11C2064DF00691478 /* AutoCompletion.framework */; };
		7AB6A1F31C2064EE00691478 /* AutoCompletion.framework in CopyFiles */ = {isa = PBXBuildFile; fileRef = 7AB6A1F11C2064DF00691478 /* AutoCompletion.framework */; settings = {ATTRIBUTES = (CodeSignOnCopy, RemoveHeadersOnCopy, ); }; };
		83F057CD1B56936600D54D34 /* AutoCompletionUITests.m in Sources */ = {isa = PBXBuildFile; fileRef = 83F057CC1B56936600D54D34 /* AutoCompletionUITests.m */; };
		C95FB7DC1B566D8A00C02D72 /* CoreDataOperationTests.m in Sources */ = {isa = PBXBuildFile; fileRef = C95FB7DB1B566D8A00C02D72 /* CoreDataOperationTests.m */; };
		C95FB7DE1B567B8F00C02D72 /* FetchOperationTests.m in Sources */ = {isa = PBXBuildFile; fileRef = C95FB7DD1B567B8F00C02D72 /* FetchOperationTests.m */; };
		C95FB7E01B56960600C02D72 /* CoreDataSourceTests.m in Sources */ = {isa = PBXBuildFile; fileRef = C95FB7DF1B56960600C02D72 /* CoreDataSourceTests.m */; };
		C95FB7E21B56963000C02D72 /* JSONDataSourceTests.m in Sources */ = {isa = PBXBuildFile; fileRef = C95FB7E11B56963000C02D72 /* JSONDataSourceTests.m */; };
		C95FB7E41B569A4A00C02D72 /* JSONItemTests.m in Sources */ = {isa = PBXBuildFile; fileRef = C95FB7E31B569A4A00C02D72 /* JSONItemTests.m */; };
		C95FB7E61B569EF200C02D72 /* JSONManagerTests.m in Sources */ = {isa = PBXBuildFile; fileRef = C95FB7E51B569EF200C02D72 /* JSONManagerTests.m */; };
		C970352B1B57C89E000DFE7A /* ViewControllerTests.m in Sources */ = {isa = PBXBuildFile; fileRef = C970352A1B57C89E000DFE7A /* ViewControllerTests.m */; };
/* End PBXBuildFile section */

/* Begin PBXContainerItemProxy section */
		1B68C5901B4AC2CA00D7850D /* PBXContainerItemProxy */ = {
			isa = PBXContainerItemProxy;
			containerPortal = 1B68C56E1B4AC2C900D7850D /* Project object */;
			proxyType = 1;
			remoteGlobalIDString = 1B68C5751B4AC2C900D7850D;
			remoteInfo = AutoCompletion;
		};
		8304FDFF1B4EBEA300B36DE2 /* PBXContainerItemProxy */ = {
			isa = PBXContainerItemProxy;
			containerPortal = 1B68C56E1B4AC2C900D7850D /* Project object */;
			proxyType = 1;
			remoteGlobalIDString = 1B68C5751B4AC2C900D7850D;
			remoteInfo = AutoCompletion;
		};
/* End PBXContainerItemProxy section */

/* Begin PBXCopyFilesBuildPhase section */
		7AB6A17A1C203FBF00691478 /* CopyFiles */ = {
			isa = PBXCopyFilesBuildPhase;
			buildActionMask = 2147483647;
			dstPath = "";
			dstSubfolderSpec = 10;
			files = (
				7AB6A1F31C2064EE00691478 /* AutoCompletion.framework in CopyFiles */,
			);
			runOnlyForDeploymentPostprocessing = 0;
		};
/* End PBXCopyFilesBuildPhase section */

/* Begin PBXFileReference section */
		1B497C281B4FB3A90079348F /* AutoCompletionUIKitDynamicsAnimation.h */ = {isa = PBXFileReference; fileEncoding = 4; lastKnownFileType = sourcecode.c.h; path = AutoCompletionUIKitDynamicsAnimation.h; sourceTree = "<group>"; };
		1B497C291B4FB3A90079348F /* AutoCompletionUIKitDynamicsAnimation.m */ = {isa = PBXFileReference; fileEncoding = 4; lastKnownFileType = sourcecode.c.objc; path = AutoCompletionUIKitDynamicsAnimation.m; sourceTree = "<group>"; };
		1B497C2B1B4FFBEB0079348F /* AutoCompletionTextFieldTests.m */ = {isa = PBXFileReference; fileEncoding = 4; lastKnownFileType = sourcecode.c.objc; path = AutoCompletionTextFieldTests.m; sourceTree = "<group>"; };
		1B5105A11B4BD1BA00E31A9E /* RequestOperation.h */ = {isa = PBXFileReference; fileEncoding = 4; lastKnownFileType = sourcecode.c.h; path = RequestOperation.h; sourceTree = "<group>"; };
		1B5105A21B4BD1BA00E31A9E /* RequestOperation.m */ = {isa = PBXFileReference; fileEncoding = 4; lastKnownFileType = sourcecode.c.objc; path = RequestOperation.m; sourceTree = "<group>"; };
		1B5105A71B4BD7DD00E31A9E /* AutoCompletion.xcdatamodel */ = {isa = PBXFileReference; lastKnownFileType = wrapper.xcdatamodel; path = AutoCompletion.xcdatamodel; sourceTree = "<group>"; };
		1B5105A91B4BE10600E31A9E /* CoreDataOperation.h */ = {isa = PBXFileReference; fileEncoding = 4; lastKnownFileType = sourcecode.c.h; path = CoreDataOperation.h; sourceTree = "<group>"; };
		1B5105AA1B4BE10600E31A9E /* CoreDataOperation.m */ = {isa = PBXFileReference; fileEncoding = 4; lastKnownFileType = sourcecode.c.objc; path = CoreDataOperation.m; sourceTree = "<group>"; };
		1B5105AF1B4BE18300E31A9E /* CoreData.framework */ = {isa = PBXFileReference; lastKnownFileType = wrapper.framework; name = CoreData.framework; path = System/Library/Frameworks/CoreData.framework; sourceTree = SDKROOT; };
		1B5F09BF1B4D167200271730 /* JSONGenerator.h */ = {isa = PBXFileReference; fileEncoding = 4; lastKnownFileType = sourcecode.c.h; path = JSONGenerator.h; sourceTree = "<group>"; };
		1B5F09C01B4D167200271730 /* JSONGenerator.m */ = {isa = PBXFileReference; fileEncoding = 4; lastKnownFileType = sourcecode.c.objc; path = JSONGenerator.m; sourceTree = "<group>"; };
		1B5F09C21B4D195500271730 /* file.json */ = {isa = PBXFileReference; fileEncoding = 4; lastKnownFileType = text.json; path = file.json; sourceTree = "<group>"; };
		1B5F09CD1B4D3A2500271730 /* CoreDataDataSource.h */ = {isa = PBXFileReference; fileEncoding = 4; lastKnownFileType = sourcecode.c.h; path = CoreDataDataSource.h; sourceTree = "<group>"; };
		1B5F09CE1B4D3A2500271730 /* CoreDataDataSource.m */ = {isa = PBXFileReference; fileEncoding = 4; lastKnownFileType = sourcecode.c.objc; path = CoreDataDataSource.m; sourceTree = "<group>"; };
		1B5F09D11B4D406200271730 /* JSONItem.h */ = {isa = PBXFileReference; fileEncoding = 4; lastKnownFileType = sourcecode.c.h; path = JSONItem.h; sourceTree = "<group>"; };
		1B5F09D21B4D406200271730 /* JSONItem.m */ = {isa = PBXFileReference; fileEncoding = 4; lastKnownFileType = sourcecode.c.objc; path = JSONItem.m; sourceTree = "<group>"; };
		1B5F09D41B4D47BC00271730 /* JSONManager.h */ = {isa = PBXFileReference; fileEncoding = 4; lastKnownFileType = sourcecode.c.h; path = JSONManager.h; sourceTree = "<group>"; };
		1B5F09D51B4D47BC00271730 /* JSONManager.m */ = {isa = PBXFileReference; fileEncoding = 4; lastKnownFileType = sourcecode.c.objc; path = JSONManager.m; sourceTree = "<group>"; };
		1B5F09D71B4D4B8D00271730 /* JSONDataSource.h */ = {isa = PBXFileReference; fileEncoding = 4; lastKnownFileType = sourcecode.c.h; path = JSONDataSource.h; sourceTree = "<group>"; };
		1B5F09D81B4D4B8D00271730 /* JSONDataSource.m */ = {isa = PBXFileReference; fileEncoding = 4; lastKnownFileType = sourcecode.c.objc; path = JSONDataSource.m; sourceTree = "<group>"; };
		1B5F09DA1B4D572B00271730 /* APIDataSource.h */ = {isa = PBXFileReference; fileEncoding = 4; lastKnownFileType = sourcecode.c.h; path = APIDataSource.h; sourceTree = "<group>"; };
		1B5F09DB1B4D572B00271730 /* APIDataSource.m */ = {isa = PBXFileReference; fileEncoding = 4; lastKnownFileType = sourcecode.c.objc; path = APIDataSource.m; sourceTree = "<group>"; };
		1B5F09DD1B4D5C6B00271730 /* GetJSONOperation.h */ = {isa = PBXFileReference; fileEncoding = 4; lastKnownFileType = sourcecode.c.h; path = GetJSONOperation.h; sourceTree = "<group>"; };
		1B5F09DE1B4D5C6B00271730 /* GetJSONOperation.m */ = {isa = PBXFileReference; fileEncoding = 4; lastKnownFileType = sourcecode.c.objc; path = GetJSONOperation.m; sourceTree = "<group>"; };
		1B68C5761B4AC2C900D7850D /* AutoCompletionDemo.app */ = {isa = PBXFileReference; explicitFileType = wrapper.application; includeInIndex = 0; path = AutoCompletionDemo.app; sourceTree = BUILT_PRODUCTS_DIR; };
		1B68C57A1B4AC2C900D7850D /* Info.plist */ = {isa = PBXFileReference; lastKnownFileType = text.plist.xml; name = Info.plist; path = ../Info.plist; sourceTree = "<group>"; };
		1B68C57B1B4AC2C900D7850D /* main.m */ = {isa = PBXFileReference; lastKnownFileType = sourcecode.c.objc; path = main.m; sourceTree = "<group>"; };
		1B68C57D1B4AC2C900D7850D /* AppDelegate.h */ = {isa = PBXFileReference; lastKnownFileType = sourcecode.c.h; path = AppDelegate.h; sourceTree = "<group>"; };
		1B68C57E1B4AC2C900D7850D /* AppDelegate.m */ = {isa = PBXFileReference; lastKnownFileType = sourcecode.c.objc; path = AppDelegate.m; sourceTree = "<group>"; };
		1B68C5801B4AC2C900D7850D /* ViewController.h */ = {isa = PBXFileReference; lastKnownFileType = sourcecode.c.h; path = ViewController.h; sourceTree = "<group>"; };
		1B68C5811B4AC2C900D7850D /* ViewController.m */ = {isa = PBXFileReference; lastKnownFileType = sourcecode.c.objc; path = ViewController.m; sourceTree = "<group>"; };
		1B68C5861B4AC2CA00D7850D /* Images.xcassets */ = {isa = PBXFileReference; lastKnownFileType = folder.assetcatalog; path = Images.xcassets; sourceTree = "<group>"; };
		1B68C5891B4AC2CA00D7850D /* Base */ = {isa = PBXFileReference; lastKnownFileType = file.xib; name = Base; path = Base.lproj/LaunchScreen.xib; sourceTree = "<group>"; };
		1B68C58F1B4AC2CA00D7850D /* AutoCompletionDemo.xctest */ = {isa = PBXFileReference; explicitFileType = wrapper.cfbundle; includeInIndex = 0; path = AutoCompletionDemo.xctest; sourceTree = BUILT_PRODUCTS_DIR; };
		1B68C5941B4AC2CA00D7850D /* Info.plist */ = {isa = PBXFileReference; lastKnownFileType = text.plist.xml; path = Info.plist; sourceTree = "<group>"; };
		1B68C5A41B4AC2F300D7850D /* FetchOperation.h */ = {isa = PBXFileReference; fileEncoding = 4; lastKnownFileType = sourcecode.c.h; path = FetchOperation.h; sourceTree = "<group>"; };
		1B68C5A51B4AC2F300D7850D /* FetchOperation.m */ = {isa = PBXFileReference; fileEncoding = 4; lastKnownFileType = sourcecode.c.objc; path = FetchOperation.m; sourceTree = "<group>"; };
		1B6CB4BD1B5009E700A03648 /* Main.storyboard */ = {isa = PBXFileReference; fileEncoding = 4; lastKnownFileType = file.storyboard; path = Main.storyboard; sourceTree = "<group>"; };
		1BC5BDB41B4BE4150021F95E /* Items.h */ = {isa = PBXFileReference; fileEncoding = 4; lastKnownFileType = sourcecode.c.h; path = Items.h; sourceTree = "<group>"; };
		1BC5BDB51B4BE4150021F95E /* Items.m */ = {isa = PBXFileReference; fileEncoding = 4; lastKnownFileType = sourcecode.c.objc; path = Items.m; sourceTree = "<group>"; };
		1BC5BDBA1B4BFCE50021F95E /* CoreDataManager.h */ = {isa = PBXFileReference; fileEncoding = 4; lastKnownFileType = sourcecode.c.h; path = CoreDataManager.h; sourceTree = "<group>"; };
		1BC5BDBB1B4BFCE50021F95E /* CoreDataManager.m */ = {isa = PBXFileReference; fileEncoding = 4; lastKnownFileType = sourcecode.c.objc; path = CoreDataManager.m; sourceTree = "<group>"; };
		1BC5BDBD1B4C05780021F95E /* Operation.h */ = {isa = PBXFileReference; fileEncoding = 4; lastKnownFileType = sourcecode.c.h; path = Operation.h; sourceTree = "<group>"; };
		1BC5BDBE1B4C05780021F95E /* Operation.m */ = {isa = PBXFileReference; fileEncoding = 4; lastKnownFileType = sourcecode.c.objc; path = Operation.m; sourceTree = "<group>"; };
		4B559F5C1B57AEC3000812F3 /* AutoCompletionGetJSONOperationTests.m */ = {isa = PBXFileReference; fileEncoding = 4; lastKnownFileType = sourcecode.c.objc; path = AutoCompletionGetJSONOperationTests.m; sourceTree = "<group>"; };
		4B559F5E1B57B09D000812F3 /* Constants.h */ = {isa = PBXFileReference; fileEncoding = 4; lastKnownFileType = sourcecode.c.h; path = Constants.h; sourceTree = "<group>"; };
		4B559F5F1B57FAE3000812F3 /* NSString+URLEncoding.h */ = {isa = PBXFileReference; fileEncoding = 4; lastKnownFileType = sourcecode.c.h; path = "NSString+URLEncoding.h"; sourceTree = "<group>"; };
		4B559F601B57FAE3000812F3 /* NSString+URLEncoding.m */ = {isa = PBXFileReference; fileEncoding = 4; lastKnownFileType = sourcecode.c.objc; path = "NSString+URLEncoding.m"; sourceTree = "<group>"; };
		4B55DFB11B56425B00225FA7 /* AutoCompletionApiTests.m */ = {isa = PBXFileReference; fileEncoding = 4; lastKnownFileType = sourcecode.c.objc; path = AutoCompletionApiTests.m; sourceTree = "<group>"; };
		7AB6A1F11C2064DF00691478 /* AutoCompletion.framework */ = {isa = PBXFileReference; lastKnownFileType = wrapper.framework; path = AutoCompletion.framework; sourceTree = "<group>"; };
		8304FDFA1B4EBEA300B36DE2 /* AutoCompletionDemo.xctest */ = {isa = PBXFileReference; explicitFileType = wrapper.cfbundle; includeInIndex = 0; path = AutoCompletionDemo.xctest; sourceTree = BUILT_PRODUCTS_DIR; };
		8304FDFE1B4EBEA300B36DE2 /* Info.plist */ = {isa = PBXFileReference; lastKnownFileType = text.plist.xml; path = Info.plist; sourceTree = "<group>"; };
		83F057CC1B56936600D54D34 /* AutoCompletionUITests.m */ = {isa = PBXFileReference; fileEncoding = 4; lastKnownFileType = sourcecode.c.objc; path = AutoCompletionUITests.m; sourceTree = "<group>"; };
		C95FB7DB1B566D8A00C02D72 /* CoreDataOperationTests.m */ = {isa = PBXFileReference; fileEncoding = 4; lastKnownFileType = sourcecode.c.objc; path = CoreDataOperationTests.m; sourceTree = "<group>"; };
		C95FB7DD1B567B8F00C02D72 /* FetchOperationTests.m */ = {isa = PBXFileReference; fileEncoding = 4; lastKnownFileType = sourcecode.c.objc; path = FetchOperationTests.m; sourceTree = "<group>"; };
		C95FB7DF1B56960600C02D72 /* CoreDataSourceTests.m */ = {isa = PBXFileReference; fileEncoding = 4; lastKnownFileType = sourcecode.c.objc; path = CoreDataSourceTests.m; sourceTree = "<group>"; };
		C95FB7E11B56963000C02D72 /* JSONDataSourceTests.m */ = {isa = PBXFileReference; fileEncoding = 4; lastKnownFileType = sourcecode.c.objc; path = JSONDataSourceTests.m; sourceTree = "<group>"; };
		C95FB7E31B569A4A00C02D72 /* JSONItemTests.m */ = {isa = PBXFileReference; fileEncoding = 4; lastKnownFileType = sourcecode.c.objc; path = JSONItemTests.m; sourceTree = "<group>"; };
		C95FB7E51B569EF200C02D72 /* JSONManagerTests.m */ = {isa = PBXFileReference; fileEncoding = 4; lastKnownFileType = sourcecode.c.objc; path = JSONManagerTests.m; sourceTree = "<group>"; };
		C970352A1B57C89E000DFE7A /* ViewControllerTests.m */ = {isa = PBXFileReference; fileEncoding = 4; lastKnownFileType = sourcecode.c.objc; path = ViewControllerTests.m; sourceTree = "<group>"; };
/* End PBXFileReference section */

/* Begin PBXFrameworksBuildPhase section */
		1B68C5731B4AC2C900D7850D /* Frameworks */ = {
			isa = PBXFrameworksBuildPhase;
			buildActionMask = 2147483647;
			files = (
				1B5105B01B4BE18300E31A9E /* CoreData.framework in Frameworks */,
				7AB6A1F21C2064DF00691478 /* AutoCompletion.framework in Frameworks */,
			);
			runOnlyForDeploymentPostprocessing = 0;
		};
		1B68C58C1B4AC2CA00D7850D /* Frameworks */ = {
			isa = PBXFrameworksBuildPhase;
			buildActionMask = 2147483647;
			files = (
			);
			runOnlyForDeploymentPostprocessing = 0;
		};
		8304FDF71B4EBEA300B36DE2 /* Frameworks */ = {
			isa = PBXFrameworksBuildPhase;
			buildActionMask = 2147483647;
			files = (
			);
			runOnlyForDeploymentPostprocessing = 0;
		};
/* End PBXFrameworksBuildPhase section */

/* Begin PBXGroup section */
		1B497C271B4FB2B40079348F /* Animation Demo */ = {
			isa = PBXGroup;
			children = (
				1B497C281B4FB3A90079348F /* AutoCompletionUIKitDynamicsAnimation.h */,
				1B497C291B4FB3A90079348F /* AutoCompletionUIKitDynamicsAnimation.m */,
			);
			name = "Animation Demo";
			path = "../AutoCompletionDemo/Animation Demo";
			sourceTree = "<group>";
		};
		1B5105A41B4BD7AD00E31A9E /* Model */ = {
			isa = PBXGroup;
			children = (
				1B5F09BF1B4D167200271730 /* JSONGenerator.h */,
				1B5F09C01B4D167200271730 /* JSONGenerator.m */,
				1B5F09D01B4D404B00271730 /* JSON */,
				1B5105A51B4BD7C400E31A9E /* Core Data */,
			);
			path = Model;
			sourceTree = "<group>";
		};
		1B5105A51B4BD7C400E31A9E /* Core Data */ = {
			isa = PBXGroup;
			children = (
				1BC5BDBA1B4BFCE50021F95E /* CoreDataManager.h */,
				1BC5BDBB1B4BFCE50021F95E /* CoreDataManager.m */,
				1BC5BDB41B4BE4150021F95E /* Items.h */,
				1BC5BDB51B4BE4150021F95E /* Items.m */,
				1B5105A61B4BD7DD00E31A9E /* AutoCompletion.xcdatamodeld */,
			);
			path = "Core Data";
			sourceTree = "<group>";
		};
		1B5105AE1B4BE17300E31A9E /* Frameworks */ = {
			isa = PBXGroup;
			children = (
				7AB6A1F11C2064DF00691478 /* AutoCompletion.framework */,
				1B5105AF1B4BE18300E31A9E /* CoreData.framework */,
			);
			name = Frameworks;
			sourceTree = "<group>";
		};
		1B5F09CC1B4D3A0A00271730 /* Demo Data Source */ = {
			isa = PBXGroup;
			children = (
				1B5F09CD1B4D3A2500271730 /* CoreDataDataSource.h */,
				1B5F09CE1B4D3A2500271730 /* CoreDataDataSource.m */,
				1B5F09D71B4D4B8D00271730 /* JSONDataSource.h */,
				1B5F09D81B4D4B8D00271730 /* JSONDataSource.m */,
				1B5F09DA1B4D572B00271730 /* APIDataSource.h */,
				1B5F09DB1B4D572B00271730 /* APIDataSource.m */,
			);
			name = "Demo Data Source";
			path = "../AutoCompletionDemo/Demo Data Source";
			sourceTree = "<group>";
		};
		1B5F09D01B4D404B00271730 /* JSON */ = {
			isa = PBXGroup;
			children = (
				1B5F09D11B4D406200271730 /* JSONItem.h */,
				1B5F09D21B4D406200271730 /* JSONItem.m */,
				1B5F09D41B4D47BC00271730 /* JSONManager.h */,
				1B5F09D51B4D47BC00271730 /* JSONManager.m */,
			);
			path = JSON;
			sourceTree = "<group>";
		};
		1B68C56D1B4AC2C900D7850D = {
			isa = PBXGroup;
			children = (
				1B68C5781B4AC2C900D7850D /* AutoCompletionDemo */,
				8304FDFB1B4EBEA300B36DE2 /* AutoCompletionUITests */,
				1B5105AE1B4BE17300E31A9E /* Frameworks */,
				1B68C5921B4AC2CA00D7850D /* AutoCompletionTests */,
				1B68C5771B4AC2C900D7850D /* Products */,
			);
			sourceTree = "<group>";
		};
		1B68C5771B4AC2C900D7850D /* Products */ = {
			isa = PBXGroup;
			children = (
				1B68C5761B4AC2C900D7850D /* AutoCompletionDemo.app */,
				1B68C58F1B4AC2CA00D7850D /* AutoCompletionDemo.xctest */,
				8304FDFA1B4EBEA300B36DE2 /* AutoCompletionDemo.xctest */,
			);
			name = Products;
			sourceTree = "<group>";
		};
		1B68C5781B4AC2C900D7850D /* AutoCompletionDemo */ = {
			isa = PBXGroup;
			children = (
				1B68C5A91B4AC33700D7850D /* Operations */,
				1B5F09CC1B4D3A0A00271730 /* Demo Data Source */,
				1B497C271B4FB2B40079348F /* Animation Demo */,
				1B68C57D1B4AC2C900D7850D /* AppDelegate.h */,
				1B68C57E1B4AC2C900D7850D /* AppDelegate.m */,
				1B68C5801B4AC2C900D7850D /* ViewController.h */,
				1B68C5811B4AC2C900D7850D /* ViewController.m */,
				1B6CB4BD1B5009E700A03648 /* Main.storyboard */,
				1B5105A41B4BD7AD00E31A9E /* Model */,
				1B68C5861B4AC2CA00D7850D /* Images.xcassets */,
				1B68C5881B4AC2CA00D7850D /* LaunchScreen.xib */,
				1B68C5791B4AC2C900D7850D /* Supporting Files */,
			);
			path = AutoCompletionDemo;
			sourceTree = "<group>";
		};
		1B68C5791B4AC2C900D7850D /* Supporting Files */ = {
			isa = PBXGroup;
			children = (
				1B5F09C21B4D195500271730 /* file.json */,
				1B68C57A1B4AC2C900D7850D /* Info.plist */,
				1B68C57B1B4AC2C900D7850D /* main.m */,
				4B559F5E1B57B09D000812F3 /* Constants.h */,
				4B559F5F1B57FAE3000812F3 /* NSString+URLEncoding.h */,
				4B559F601B57FAE3000812F3 /* NSString+URLEncoding.m */,
			);
			path = "Supporting Files";
			sourceTree = "<group>";
		};
		1B68C5921B4AC2CA00D7850D /* AutoCompletionTests */ = {
			isa = PBXGroup;
			children = (
				C970352A1B57C89E000DFE7A /* ViewControllerTests.m */,
				4B559F5C1B57AEC3000812F3 /* AutoCompletionGetJSONOperationTests.m */,
				C95FB7E51B569EF200C02D72 /* JSONManagerTests.m */,
				C95FB7E31B569A4A00C02D72 /* JSONItemTests.m */,
				C95FB7E11B56963000C02D72 /* JSONDataSourceTests.m */,
				C95FB7DF1B56960600C02D72 /* CoreDataSourceTests.m */,
				4B55DFB11B56425B00225FA7 /* AutoCompletionApiTests.m */,
				1B497C2B1B4FFBEB0079348F /* AutoCompletionTextFieldTests.m */,
				C95FB7DD1B567B8F00C02D72 /* FetchOperationTests.m */,
				C95FB7DB1B566D8A00C02D72 /* CoreDataOperationTests.m */,
				1B68C5931B4AC2CA00D7850D /* Supporting Files */,
			);
			path = AutoCompletionTests;
			sourceTree = "<group>";
		};
		1B68C5931B4AC2CA00D7850D /* Supporting Files */ = {
			isa = PBXGroup;
			children = (
				1B68C5941B4AC2CA00D7850D /* Info.plist */,
			);
			name = "Supporting Files";
			sourceTree = "<group>";
		};
		1B68C5A91B4AC33700D7850D /* Operations */ = {
			isa = PBXGroup;
			children = (
				1BC5BDBD1B4C05780021F95E /* Operation.h */,
				1BC5BDBE1B4C05780021F95E /* Operation.m */,
				1B68C5A41B4AC2F300D7850D /* FetchOperation.h */,
				1B68C5A51B4AC2F300D7850D /* FetchOperation.m */,
				1B5F09DD1B4D5C6B00271730 /* GetJSONOperation.h */,
				1B5F09DE1B4D5C6B00271730 /* GetJSONOperation.m */,
				1B5105A11B4BD1BA00E31A9E /* RequestOperation.h */,
				1B5105A21B4BD1BA00E31A9E /* RequestOperation.m */,
				1B5105A91B4BE10600E31A9E /* CoreDataOperation.h */,
				1B5105AA1B4BE10600E31A9E /* CoreDataOperation.m */,
			);
			name = Operations;
			path = ../AutoCompletionDemo/Operations;
			sourceTree = "<group>";
		};
		8304FDFB1B4EBEA300B36DE2 /* AutoCompletionUITests */ = {
			isa = PBXGroup;
			children = (
				83F057CC1B56936600D54D34 /* AutoCompletionUITests.m */,
				8304FDFE1B4EBEA300B36DE2 /* Info.plist */,
			);
			path = AutoCompletionUITests;
			sourceTree = "<group>";
		};
/* End PBXGroup section */

/* Begin PBXNativeTarget section */
		1B68C5751B4AC2C900D7850D /* AutoCompletionDemo */ = {
			isa = PBXNativeTarget;
			buildConfigurationList = 1B68C5991B4AC2CA00D7850D /* Build configuration list for PBXNativeTarget "AutoCompletionDemo" */;
			buildPhases = (
				1B68C5721B4AC2C900D7850D /* Sources */,
				1B68C5731B4AC2C900D7850D /* Frameworks */,
				1B68C5741B4AC2C900D7850D /* Resources */,
				7AB6A17A1C203FBF00691478 /* CopyFiles */,
			);
			buildRules = (
			);
			dependencies = (
			);
			name = AutoCompletionDemo;
			productName = AutoCompletion;
			productReference = 1B68C5761B4AC2C900D7850D /* AutoCompletionDemo.app */;
			productType = "com.apple.product-type.application";
		};
		1B68C58E1B4AC2CA00D7850D /* AutoCompletionDemoTests */ = {
			isa = PBXNativeTarget;
			buildConfigurationList = 1B68C59C1B4AC2CA00D7850D /* Build configuration list for PBXNativeTarget "AutoCompletionDemoTests" */;
			buildPhases = (
				1B68C58B1B4AC2CA00D7850D /* Sources */,
				1B68C58C1B4AC2CA00D7850D /* Frameworks */,
				1B68C58D1B4AC2CA00D7850D /* Resources */,
			);
			buildRules = (
			);
			dependencies = (
				1B68C5911B4AC2CA00D7850D /* PBXTargetDependency */,
			);
			name = AutoCompletionDemoTests;
			productName = AutoCompletionTests;
			productReference = 1B68C58F1B4AC2CA00D7850D /* AutoCompletionDemo.xctest */;
			productType = "com.apple.product-type.bundle.unit-test";
		};
		8304FDF91B4EBEA300B36DE2 /* AutoCompletionDemoUITests */ = {
			isa = PBXNativeTarget;
			buildConfigurationList = 8304FE031B4EBEA300B36DE2 /* Build configuration list for PBXNativeTarget "AutoCompletionDemoUITests" */;
			buildPhases = (
				8304FDF61B4EBEA300B36DE2 /* Sources */,
				8304FDF71B4EBEA300B36DE2 /* Frameworks */,
				8304FDF81B4EBEA300B36DE2 /* Resources */,
			);
			buildRules = (
			);
			dependencies = (
				8304FE001B4EBEA300B36DE2 /* PBXTargetDependency */,
			);
			name = AutoCompletionDemoUITests;
			productName = AutoCompletionUITests;
			productReference = 8304FDFA1B4EBEA300B36DE2 /* AutoCompletionDemo.xctest */;
			productType = "com.apple.product-type.bundle.ui-testing";
		};
/* End PBXNativeTarget section */

/* Begin PBXProject section */
		1B68C56E1B4AC2C900D7850D /* Project object */ = {
			isa = PBXProject;
			attributes = {
				LastUpgradeCheck = 0640;
				ORGANIZATIONNAME = 3PillarGlobal;
				TargetAttributes = {
					1B68C5751B4AC2C900D7850D = {
						CreatedOnToolsVersion = 6.4;
						DevelopmentTeam = RTBRG5VYD9;
					};
					1B68C58E1B4AC2CA00D7850D = {
						CreatedOnToolsVersion = 6.4;
						TestTargetID = 1B68C5751B4AC2C900D7850D;
					};
					8304FDF91B4EBEA300B36DE2 = {
						CreatedOnToolsVersion = 7.0;
						TestTargetID = 1B68C5751B4AC2C900D7850D;
					};
				};
			};
			buildConfigurationList = 1B68C5711B4AC2C900D7850D /* Build configuration list for PBXProject "AutoCompletionDemo" */;
			compatibilityVersion = "Xcode 3.2";
			developmentRegion = English;
			hasScannedForEncodings = 0;
			knownRegions = (
				en,
				Base,
			);
			mainGroup = 1B68C56D1B4AC2C900D7850D;
			productRefGroup = 1B68C5771B4AC2C900D7850D /* Products */;
			projectDirPath = "";
			projectRoot = "";
			targets = (
				1B68C5751B4AC2C900D7850D /* AutoCompletionDemo */,
				1B68C58E1B4AC2CA00D7850D /* AutoCompletionDemoTests */,
				8304FDF91B4EBEA300B36DE2 /* AutoCompletionDemoUITests */,
			);
		};
/* End PBXProject section */

/* Begin PBXResourcesBuildPhase section */
		1B68C5741B4AC2C900D7850D /* Resources */ = {
			isa = PBXResourcesBuildPhase;
			buildActionMask = 2147483647;
			files = (
				1B5F09C31B4D195500271730 /* file.json in Resources */,
				1B68C58A1B4AC2CA00D7850D /* LaunchScreen.xib in Resources */,
				1B68C5871B4AC2CA00D7850D /* Images.xcassets in Resources */,
				1B6CB4BE1B5009E700A03648 /* Main.storyboard in Resources */,
			);
			runOnlyForDeploymentPostprocessing = 0;
		};
		1B68C58D1B4AC2CA00D7850D /* Resources */ = {
			isa = PBXResourcesBuildPhase;
			buildActionMask = 2147483647;
			files = (
			);
			runOnlyForDeploymentPostprocessing = 0;
		};
		8304FDF81B4EBEA300B36DE2 /* Resources */ = {
			isa = PBXResourcesBuildPhase;
			buildActionMask = 2147483647;
			files = (
			);
			runOnlyForDeploymentPostprocessing = 0;
		};
/* End PBXResourcesBuildPhase section */

/* Begin PBXSourcesBuildPhase section */
		1B68C5721B4AC2C900D7850D /* Sources */ = {
			isa = PBXSourcesBuildPhase;
			buildActionMask = 2147483647;
			files = (
				4B559F611B57FAE3000812F3 /* NSString+URLEncoding.m in Sources */,
				1B5F09D91B4D4B8D00271730 /* JSONDataSource.m in Sources */,
				1B5F09CF1B4D3A2500271730 /* CoreDataDataSource.m in Sources */,
				1B5F09DF1B4D5C6B00271730 /* GetJSONOperation.m in Sources */,
				1B5F09D61B4D47BC00271730 /* JSONManager.m in Sources */,
				1B68C5821B4AC2C900D7850D /* ViewController.m in Sources */,
				1BC5BDB61B4BE4150021F95E /* Items.m in Sources */,
				1B68C5A81B4AC2F300D7850D /* FetchOperation.m in Sources */,
				1B497C2A1B4FB3A90079348F /* AutoCompletionUIKitDynamicsAnimation.m in Sources */,
				1BC5BDBF1B4C05780021F95E /* Operation.m in Sources */,
				1B68C57F1B4AC2C900D7850D /* AppDelegate.m in Sources */,
				1BC5BDBC1B4BFCE50021F95E /* CoreDataManager.m in Sources */,
				1B5F09DC1B4D572B00271730 /* APIDataSource.m in Sources */,
				1B68C57C1B4AC2C900D7850D /* main.m in Sources */,
				1B5F09C11B4D167200271730 /* JSONGenerator.m in Sources */,
				1B5105A31B4BD1BA00E31A9E /* RequestOperation.m in Sources */,
				1B5105A81B4BD7DD00E31A9E /* AutoCompletion.xcdatamodeld in Sources */,
				1B5105AB1B4BE10600E31A9E /* CoreDataOperation.m in Sources */,
				1B5F09D31B4D406200271730 /* JSONItem.m in Sources */,
			);
			runOnlyForDeploymentPostprocessing = 0;
		};
		1B68C58B1B4AC2CA00D7850D /* Sources */ = {
			isa = PBXSourcesBuildPhase;
			buildActionMask = 2147483647;
			files = (
				1B8740421B56896D00E170C5 /* AutoCompletionTextFieldTests.m in Sources */,
				C95FB7DC1B566D8A00C02D72 /* CoreDataOperationTests.m in Sources */,
				C95FB7E21B56963000C02D72 /* JSONDataSourceTests.m in Sources */,
				C95FB7DE1B567B8F00C02D72 /* FetchOperationTests.m in Sources */,
				4B55DFB21B56425B00225FA7 /* AutoCompletionApiTests.m in Sources */,
				C970352B1B57C89E000DFE7A /* ViewControllerTests.m in Sources */,
				C95FB7E61B569EF200C02D72 /* JSONManagerTests.m in Sources */,
				C95FB7E01B56960600C02D72 /* CoreDataSourceTests.m in Sources */,
				C95FB7E41B569A4A00C02D72 /* JSONItemTests.m in Sources */,
				4B559F5D1B57AEC3000812F3 /* AutoCompletionGetJSONOperationTests.m in Sources */,
			);
			runOnlyForDeploymentPostprocessing = 0;
		};
		8304FDF61B4EBEA300B36DE2 /* Sources */ = {
			isa = PBXSourcesBuildPhase;
			buildActionMask = 2147483647;
			files = (
				83F057CD1B56936600D54D34 /* AutoCompletionUITests.m in Sources */,
			);
			runOnlyForDeploymentPostprocessing = 0;
		};
/* End PBXSourcesBuildPhase section */

/* Begin PBXTargetDependency section */
		1B68C5911B4AC2CA00D7850D /* PBXTargetDependency */ = {
			isa = PBXTargetDependency;
			target = 1B68C5751B4AC2C900D7850D /* AutoCompletionDemo */;
			targetProxy = 1B68C5901B4AC2CA00D7850D /* PBXContainerItemProxy */;
		};
		8304FE001B4EBEA300B36DE2 /* PBXTargetDependency */ = {
			isa = PBXTargetDependency;
			target = 1B68C5751B4AC2C900D7850D /* AutoCompletionDemo */;
			targetProxy = 8304FDFF1B4EBEA300B36DE2 /* PBXContainerItemProxy */;
		};
/* End PBXTargetDependency section */

/* Begin PBXVariantGroup section */
		1B68C5881B4AC2CA00D7850D /* LaunchScreen.xib */ = {
			isa = PBXVariantGroup;
			children = (
				1B68C5891B4AC2CA00D7850D /* Base */,
			);
			name = LaunchScreen.xib;
			sourceTree = "<group>";
		};
/* End PBXVariantGroup section */

/* Begin XCBuildConfiguration section */
		1B68C5971B4AC2CA00D7850D /* Debug */ = {
			isa = XCBuildConfiguration;
			buildSettings = {
				ALWAYS_SEARCH_USER_PATHS = NO;
				CLANG_CXX_LANGUAGE_STANDARD = "gnu++0x";
				CLANG_CXX_LIBRARY = "libc++";
				CLANG_ENABLE_MODULES = YES;
				CLANG_ENABLE_OBJC_ARC = YES;
				CLANG_WARN_BOOL_CONVERSION = YES;
				CLANG_WARN_CONSTANT_CONVERSION = YES;
				CLANG_WARN_DIRECT_OBJC_ISA_USAGE = YES_ERROR;
				CLANG_WARN_EMPTY_BODY = YES;
				CLANG_WARN_ENUM_CONVERSION = YES;
				CLANG_WARN_INT_CONVERSION = YES;
				CLANG_WARN_OBJC_ROOT_CLASS = YES_ERROR;
				CLANG_WARN_UNREACHABLE_CODE = YES;
				CLANG_WARN__DUPLICATE_METHOD_MATCH = YES;
				"CODE_SIGN_IDENTITY[sdk=iphoneos*]" = "iPhone Developer";
				COPY_PHASE_STRIP = NO;
				DEBUG_INFORMATION_FORMAT = "dwarf-with-dsym";
				ENABLE_STRICT_OBJC_MSGSEND = YES;
				GCC_C_LANGUAGE_STANDARD = gnu99;
				GCC_DYNAMIC_NO_PIC = NO;
				GCC_NO_COMMON_BLOCKS = YES;
				GCC_OPTIMIZATION_LEVEL = 0;
				GCC_PREPROCESSOR_DEFINITIONS = (
					"DEBUG=1",
					"$(inherited)",
				);
				GCC_SYMBOLS_PRIVATE_EXTERN = NO;
				GCC_WARN_64_TO_32_BIT_CONVERSION = YES;
				GCC_WARN_ABOUT_RETURN_TYPE = YES_ERROR;
				GCC_WARN_UNDECLARED_SELECTOR = YES;
				GCC_WARN_UNINITIALIZED_AUTOS = YES_AGGRESSIVE;
				GCC_WARN_UNUSED_FUNCTION = YES;
				GCC_WARN_UNUSED_VARIABLE = YES;
				IPHONEOS_DEPLOYMENT_TARGET = 8.4;
				MTL_ENABLE_DEBUG_INFO = YES;
				ONLY_ACTIVE_ARCH = YES;
				SDKROOT = iphoneos;
				TARGETED_DEVICE_FAMILY = "1,2";
			};
			name = Debug;
		};
		1B68C5981B4AC2CA00D7850D /* Release */ = {
			isa = XCBuildConfiguration;
			buildSettings = {
				ALWAYS_SEARCH_USER_PATHS = NO;
				CLANG_CXX_LANGUAGE_STANDARD = "gnu++0x";
				CLANG_CXX_LIBRARY = "libc++";
				CLANG_ENABLE_MODULES = YES;
				CLANG_ENABLE_OBJC_ARC = YES;
				CLANG_WARN_BOOL_CONVERSION = YES;
				CLANG_WARN_CONSTANT_CONVERSION = YES;
				CLANG_WARN_DIRECT_OBJC_ISA_USAGE = YES_ERROR;
				CLANG_WARN_EMPTY_BODY = YES;
				CLANG_WARN_ENUM_CONVERSION = YES;
				CLANG_WARN_INT_CONVERSION = YES;
				CLANG_WARN_OBJC_ROOT_CLASS = YES_ERROR;
				CLANG_WARN_UNREACHABLE_CODE = YES;
				CLANG_WARN__DUPLICATE_METHOD_MATCH = YES;
				"CODE_SIGN_IDENTITY[sdk=iphoneos*]" = "iPhone Developer";
				COPY_PHASE_STRIP = NO;
				DEBUG_INFORMATION_FORMAT = "dwarf-with-dsym";
				ENABLE_NS_ASSERTIONS = NO;
				ENABLE_STRICT_OBJC_MSGSEND = YES;
				GCC_C_LANGUAGE_STANDARD = gnu99;
				GCC_NO_COMMON_BLOCKS = YES;
				GCC_WARN_64_TO_32_BIT_CONVERSION = YES;
				GCC_WARN_ABOUT_RETURN_TYPE = YES_ERROR;
				GCC_WARN_UNDECLARED_SELECTOR = YES;
				GCC_WARN_UNINITIALIZED_AUTOS = YES_AGGRESSIVE;
				GCC_WARN_UNUSED_FUNCTION = YES;
				GCC_WARN_UNUSED_VARIABLE = YES;
				IPHONEOS_DEPLOYMENT_TARGET = 8.4;
				MTL_ENABLE_DEBUG_INFO = NO;
				SDKROOT = iphoneos;
				TARGETED_DEVICE_FAMILY = "1,2";
				VALIDATE_PRODUCT = YES;
			};
			name = Release;
		};
		1B68C59A1B4AC2CA00D7850D /* Debug */ = {
			isa = XCBuildConfiguration;
			buildSettings = {
				ASSETCATALOG_COMPILER_APPICON_NAME = AppIcon;
				CODE_SIGN_IDENTITY = "iPhone Developer";
				"CODE_SIGN_IDENTITY[sdk=iphoneos*]" = "iPhone Developer";
				ENABLE_BITCODE = NO;
				FRAMEWORK_SEARCH_PATHS = (
					"$(inherited)",
					"$(PROJECT_DIR)",
				);
				INFOPLIST_FILE = AutoCompletionDemo/Info.plist;
				IPHONEOS_DEPLOYMENT_TARGET = 8.0;
				LD_RUNPATH_SEARCH_PATHS = "$(inherited) @executable_path/Frameworks";
				PRODUCT_BUNDLE_IDENTIFIER = com.3pillar.AutoCompletionDemo.crc;
				PRODUCT_NAME = AutoCompletionDemo;
				PROVISIONING_PROFILE = "";
			};
			name = Debug;
		};
		1B68C59B1B4AC2CA00D7850D /* Release */ = {
			isa = XCBuildConfiguration;
			buildSettings = {
				ASSETCATALOG_COMPILER_APPICON_NAME = AppIcon;
				CODE_SIGN_IDENTITY = "iPhone Developer";
				"CODE_SIGN_IDENTITY[sdk=iphoneos*]" = "iPhone Developer";
				ENABLE_BITCODE = NO;
				FRAMEWORK_SEARCH_PATHS = (
					"$(inherited)",
					"$(PROJECT_DIR)",
				);
				INFOPLIST_FILE = AutoCompletionDemo/Info.plist;
				IPHONEOS_DEPLOYMENT_TARGET = 8.0;
				LD_RUNPATH_SEARCH_PATHS = "$(inherited) @executable_path/Frameworks";
				PRODUCT_BUNDLE_IDENTIFIER = com.3pillar.AutoCompletionDemo.crc;
				PRODUCT_NAME = AutoCompletionDemo;
				PROVISIONING_PROFILE = "";
			};
			name = Release;
		};
		1B68C59D1B4AC2CA00D7850D /* Debug */ = {
			isa = XCBuildConfiguration;
			buildSettings = {
				BUNDLE_LOADER = "$(TEST_HOST)";
				FRAMEWORK_SEARCH_PATHS = (
					"$(SDKROOT)/Developer/Library/Frameworks",
					"$(inherited)",
				);
				GCC_PREPROCESSOR_DEFINITIONS = (
					"DEBUG=1",
					"$(inherited)",
				);
				INFOPLIST_FILE = AutoCompletionTests/Info.plist;
				LD_RUNPATH_SEARCH_PATHS = "$(inherited) @executable_path/Frameworks @loader_path/Frameworks";
				PRODUCT_NAME = AutoCompletionDemo;
				TEST_HOST = "$(BUILT_PRODUCTS_DIR)/AutoCompletionDemo.app/AutoCompletionDemo";
			};
			name = Debug;
		};
		1B68C59E1B4AC2CA00D7850D /* Release */ = {
			isa = XCBuildConfiguration;
			buildSettings = {
				BUNDLE_LOADER = "$(TEST_HOST)";
				FRAMEWORK_SEARCH_PATHS = (
					"$(SDKROOT)/Developer/Library/Frameworks",
					"$(inherited)",
				);
				INFOPLIST_FILE = AutoCompletionTests/Info.plist;
				LD_RUNPATH_SEARCH_PATHS = "$(inherited) @executable_path/Frameworks @loader_path/Frameworks";
				PRODUCT_NAME = AutoCompletionDemo;
				TEST_HOST = "$(BUILT_PRODUCTS_DIR)/AutoCompletionDemo.app/AutoCompletionDemo";
			};
			name = Release;
		};
		8304FE011B4EBEA300B36DE2 /* Debug */ = {
			isa = XCBuildConfiguration;
			buildSettings = {
				DEBUG_INFORMATION_FORMAT = dwarf;
				ENABLE_TESTABILITY = YES;
				INFOPLIST_FILE = AutoCompletionUITests/Info.plist;
				IPHONEOS_DEPLOYMENT_TARGET = 8.4;
				LD_RUNPATH_SEARCH_PATHS = "$(inherited) @executable_path/Frameworks @loader_path/Frameworks";
				PRODUCT_BUNDLE_IDENTIFIER = com.UITesting.AutoCompletionUITests;
				PRODUCT_NAME = AutoCompletionDemo;
				TEST_TARGET_NAME = AutoCompletion;
				USES_XCTRUNNER = YES;
			};
			name = Debug;
		};
		8304FE021B4EBEA300B36DE2 /* Release */ = {
			isa = XCBuildConfiguration;
			buildSettings = {
				INFOPLIST_FILE = AutoCompletionUITests/Info.plist;
				IPHONEOS_DEPLOYMENT_TARGET = 8.4;
				LD_RUNPATH_SEARCH_PATHS = "$(inherited) @executable_path/Frameworks @loader_path/Frameworks";
				PRODUCT_BUNDLE_IDENTIFIER = com.UITesting.AutoCompletionUITests;
				PRODUCT_NAME = AutoCompletionDemo;
				TEST_TARGET_NAME = AutoCompletion;
				USES_XCTRUNNER = YES;
			};
			name = Release;
		};
/* End XCBuildConfiguration section */

/* Begin XCConfigurationList section */
		1B68C5711B4AC2C900D7850D /* Build configuration list for PBXProject "AutoCompletionDemo" */ = {
			isa = XCConfigurationList;
			buildConfigurations = (
				1B68C5971B4AC2CA00D7850D /* Debug */,
				1B68C5981B4AC2CA00D7850D /* Release */,
			);
			defaultConfigurationIsVisible = 0;
			defaultConfigurationName = Release;
		};
		1B68C5991B4AC2CA00D7850D /* Build configuration list for PBXNativeTarget "AutoCompletionDemo" */ = {
			isa = XCConfigurationList;
			buildConfigurations = (
				1B68C59A1B4AC2CA00D7850D /* Debug */,
				1B68C59B1B4AC2CA00D7850D /* Release */,
			);
			defaultConfigurationIsVisible = 0;
			defaultConfigurationName = Release;
		};
		1B68C59C1B4AC2CA00D7850D /* Build configuration list for PBXNativeTarget "AutoCompletionDemoTests" */ = {
			isa = XCConfigurationList;
			buildConfigurations = (
				1B68C59D1B4AC2CA00D7850D /* Debug */,
				1B68C59E1B4AC2CA00D7850D /* Release */,
			);
			defaultConfigurationIsVisible = 0;
			defaultConfigurationName = Release;
		};
		8304FE031B4EBEA300B36DE2 /* Build configuration list for PBXNativeTarget "AutoCompletionDemoUITests" */ = {
			isa = XCConfigurationList;
			buildConfigurations = (
				8304FE011B4EBEA300B36DE2 /* Debug */,
				8304FE021B4EBEA300B36DE2 /* Release */,
			);
			defaultConfigurationIsVisible = 0;
			defaultConfigurationName = Release;
		};
/* End XCConfigurationList section */

/* Begin XCVersionGroup section */
		1B5105A61B4BD7DD00E31A9E /* AutoCompletion.xcdatamodeld */ = {
			isa = XCVersionGroup;
			children = (
				1B5105A71B4BD7DD00E31A9E /* AutoCompletion.xcdatamodel */,
			);
			currentVersion = 1B5105A71B4BD7DD00E31A9E /* AutoCompletion.xcdatamodel */;
			path = AutoCompletion.xcdatamodeld;
			sourceTree = "<group>";
			versionGroupType = wrapper.xcdatamodel;
		};
/* End XCVersionGroup section */
	};
	rootObject = 1B68C56E1B4AC2C900D7850D /* Project object */;
}
